Microsoft Visual Studio Solution File, Format Version 8.00
Project("{FAE04EC0-301F-11D3-BF4B-00C04F79EFBC}") = "IE", "IE.csproj", "{1A83C7FE-531D-4639-9067-9D4E4BDDDACD}"
	ProjectSection(ProjectDependencies) = postProject
	EndProjectSection
EndProject
Global
	GlobalSection(SolutionConfiguration) = preSolution
		Debug = Debug
		Release = Release
	EndGlobalSection
	GlobalSection(ProjectConfiguration) = postSolution
		{1A83C7FE-531D-4639-9067-9D4E4BDDDACD}.Debug.ActiveCfg = Debug|.NET
		{1A83C7FE-531D-4639-9067-9D4E4BDDDACD}.Debug.Build.0 = Debug|.NET
		{1A83C7FE-531D-4639-9067-9D4E4BDDDACD}.Release.ActiveCfg = Release|.NET
		{1A83C7FE-531D-4639-9067-9D4E4BDDDACD}.Release.Build.0 = Release|.NET
	EndGlobalSection
	GlobalSection(ExtensibilityGlobals) = postSolution
	EndGlobalSection
	GlobalSection(ExtensibilityAddIns) = postSolution
	EndGlobalSection
EndGlobal
